
Microsoft Visual Studio Solution File, Format Version 12.00
# Visual Studio Version 17
VisualStudioVersion = 17.13.35913.81 d17.13
MinimumVisualStudioVersion = 10.0.40219.1
Project("{FAE04EC0-301F-11D3-BF4B-00C04F79EFBC}") = "SemikolonApi", "SemikolonApi\SemikolonApi.csproj", "{7463DD7A-50C0-4930-B645-A2CF38D49714}"
EndProject
Project("{FAE04EC0-301F-11D3-BF4B-00C04F79EFBC}") = "Infrastructure", "Infrastructure\Infrastructure.csproj", "{B4634A81-9CCF-4C0C-A1A1-145157990304}"
EndProject
Project("{FAE04EC0-301F-11D3-BF4B-00C04F79EFBC}") = "Application", "Application\Application.csproj", "{507D36AB-2180-4621-A8F5-E60E082B1798}"
EndProject
Project("{FAE04EC0-301F-11D3-BF4B-00C04F79EFBC}") = "Domain", "Domain\Domain.csproj", "{4A19873E-371C-4074-BDCE-4B8477AF2C31}"
EndProject
Global
	GlobalSection(SolutionConfigurationPlatforms) = preSolution
		Debug|Any CPU = Debug|Any CPU
		Release|Any CPU = Release|Any CPU
	EndGlobalSection
	GlobalSection(ProjectConfigurationPlatforms) = postSolution
		{7463DD7A-50C0-4930-B645-A2CF38D49714}.Debug|Any CPU.ActiveCfg = Debug|Any CPU
		{7463DD7A-50C0-4930-B645-A2CF38D49714}.Debug|Any CPU.Build.0 = Debug|Any CPU
		{7463DD7A-50C0-4930-B645-A2CF38D49714}.Release|Any CPU.ActiveCfg = Release|Any CPU
		{7463DD7A-50C0-4930-B645-A2CF38D49714}.Release|Any CPU.Build.0 = Release|Any CPU
		{B4634A81-9CCF-4C0C-A1A1-145157990304}.Debug|Any CPU.ActiveCfg = Debug|Any CPU
		{B4634A81-9CCF-4C0C-A1A1-145157990304}.Debug|Any CPU.Build.0 = Debug|Any CPU
		{B4634A81-9CCF-4C0C-A1A1-145157990304}.Release|Any CPU.ActiveCfg = Release|Any CPU
		{B4634A81-9CCF-4C0C-A1A1-145157990304}.Release|Any CPU.Build.0 = Release|Any CPU
		{507D36AB-2180-4621-A8F5-E60E082B1798}.Debug|Any CPU.ActiveCfg = Debug|Any CPU
		{507D36AB-2180-4621-A8F5-E60E082B1798}.Debug|Any CPU.Build.0 = Debug|Any CPU
		{507D36AB-2180-4621-A8F5-E60E082B1798}.Release|Any CPU.ActiveCfg = Release|Any CPU
		{507D36AB-2180-4621-A8F5-E60E082B1798}.Release|Any CPU.Build.0 = Release|Any CPU
		{4A19873E-371C-4074-BDCE-4B8477AF2C31}.Debug|Any CPU.ActiveCfg = Debug|Any CPU
		{4A19873E-371C-4074-BDCE-4B8477AF2C31}.Debug|Any CPU.Build.0 = Debug|Any CPU
		{4A19873E-371C-4074-BDCE-4B8477AF2C31}.Release|Any CPU.ActiveCfg = Release|Any CPU
		{4A19873E-371C-4074-BDCE-4B8477AF2C31}.Release|Any CPU.Build.0 = Release|Any CPU
	EndGlobalSection
	GlobalSection(SolutionProperties) = preSolution
		HideSolutionNode = FALSE
	EndGlobalSection
	GlobalSection(ExtensibilityGlobals) = postSolution
		SolutionGuid = {9E308CAD-497D-48FA-B475-BB8EAB5CF570}
	EndGlobalSection
EndGlobal
